{
  "requires": true,
  "lockfileVersion": 1,
  "dependencies": {
    "types-registry": {
      "version": "0.1.590",
      "resolved": "https://registry.npmjs.org/types-registry/-/types-registry-0.1.590.tgz",
      "integrity": "sha512-15CVQCk6lMfolrGLepxOBwkxl/LwtnTusbpMFUUspejz3dkUHsQi5eUIiWitp2P9pcGNrpOqX4hy5KgaGpu1bA=="
    }
  }
}
